
Microsoft Visual Studio Solution File, Format Version 12.00
# Visual Studio Version 17
VisualStudioVersion = 17.11.35208.52
MinimumVisualStudioVersion = 10.0.40219.1
Project("{FAE04EC0-301F-11D3-BF4B-00C04F79EFBC}") = "CRUD-Testing", "CRUD-Testing\CRUD-Testing.csproj", "{31C228BF-2E48-494A-8E8D-EBDC1ABB9DC9}"
EndProject
Global
	GlobalSection(SolutionConfigurationPlatforms) = preSolution
		Debug|Any CPU = Debug|Any CPU
		Release|Any CPU = Release|Any CPU
	EndGlobalSection
	GlobalSection(ProjectConfigurationPlatforms) = postSolution
		{31C228BF-2E48-494A-8E8D-EBDC1ABB9DC9}.Debug|Any CPU.ActiveCfg = Debug|Any CPU
		{31C228BF-2E48-494A-8E8D-EBDC1ABB9DC9}.Debug|Any CPU.Build.0 = Debug|Any CPU
		{31C228BF-2E48-494A-8E8D-EBDC1ABB9DC9}.Release|Any CPU.ActiveCfg = Release|Any CPU
		{31C228BF-2E48-494A-8E8D-EBDC1ABB9DC9}.Release|Any CPU.Build.0 = Release|Any CPU
	EndGlobalSection
	GlobalSection(SolutionProperties) = preSolution
		HideSolutionNode = FALSE
	EndGlobalSection
	GlobalSection(ExtensibilityGlobals) = postSolution
		SolutionGuid = {E29B06AE-151E-477C-B35B-D32F3D0DC225}
	EndGlobalSection
EndGlobal
